
Microsoft Visual Studio Solution File, Format Version 12.00
# Visual Studio Version 16
VisualStudioVersion = 16.0.31911.196
MinimumVisualStudioVersion = 10.0.40219.1
Project("{FAE04EC0-301F-11D3-BF4B-00C04F79EFBC}") = "7Paskaita", "7Paskaita\7Paskaita.csproj", "{A059E4A9-9CD7-413D-9C3D-5EDDE0BB5C29}"
EndProject
Project("{FAE04EC0-301F-11D3-BF4B-00C04F79EFBC}") = "TestProject1", "TestProject1\TestProject1.csproj", "{02D2F5F7-35EA-4B1D-A4E7-F8C88AFA3533}"
EndProject
Global
	GlobalSection(SolutionConfigurationPlatforms) = preSolution
		Debug|Any CPU = Debug|Any CPU
		Release|Any CPU = Release|Any CPU
	EndGlobalSection
	GlobalSection(ProjectConfigurationPlatforms) = postSolution
		{A059E4A9-9CD7-413D-9C3D-5EDDE0BB5C29}.Debug|Any CPU.ActiveCfg = Debug|Any CPU
		{A059E4A9-9CD7-413D-9C3D-5EDDE0BB5C29}.Debug|Any CPU.Build.0 = Debug|Any CPU
		{A059E4A9-9CD7-413D-9C3D-5EDDE0BB5C29}.Release|Any CPU.ActiveCfg = Release|Any CPU
		{A059E4A9-9CD7-413D-9C3D-5EDDE0BB5C29}.Release|Any CPU.Build.0 = Release|Any CPU
		{02D2F5F7-35EA-4B1D-A4E7-F8C88AFA3533}.Debug|Any CPU.ActiveCfg = Debug|Any CPU
		{02D2F5F7-35EA-4B1D-A4E7-F8C88AFA3533}.Debug|Any CPU.Build.0 = Debug|Any CPU
		{02D2F5F7-35EA-4B1D-A4E7-F8C88AFA3533}.Release|Any CPU.ActiveCfg = Release|Any CPU
		{02D2F5F7-35EA-4B1D-A4E7-F8C88AFA3533}.Release|Any CPU.Build.0 = Release|Any CPU
	EndGlobalSection
	GlobalSection(SolutionProperties) = preSolution
		HideSolutionNode = FALSE
	EndGlobalSection
	GlobalSection(ExtensibilityGlobals) = postSolution
		SolutionGuid = {891356C4-41A7-41A6-BEA8-106B3758CFC3}
	EndGlobalSection
EndGlobal
